// !$*UTF8*$!
{
	archiveVersion = 1;
	classes = {
	};
	objectVersion = 46;
	objects = {

/* Begin PBXBuildFile section */
		8335BF1B1666AA6D00F59793 /* UIKit.framework in Frameworks */ = {isa = PBXBuildFile; fileRef = 8335BF1A1666AA6D00F59793 /* UIKit.framework */; };
		8335BF1D1666AA6D00F59793 /* Foundation.framework in Frameworks */ = {isa = PBXBuildFile; fileRef = 8335BF1C1666AA6D00F59793 /* Foundation.framework */; };
		8335BF1F1666AA6D00F59793 /* CoreGraphics.framework in Frameworks */ = {isa = PBXBuildFile; fileRef = 8335BF1E1666AA6D00F59793 /* CoreGraphics.framework */; };
		8335BF251666AA6D00F59793 /* InfoPlist.strings in Resources */ = {isa = PBXBuildFile; fileRef = 8335BF231666AA6D00F59793 /* InfoPlist.strings */; };
		8335BF271666AA6D00F59793 /* main.m in Sources */ = {isa = PBXBuildFile; fileRef = 8335BF261666AA6D00F59793 /* main.m */; };
		8335BF2B1666AA6E00F59793 /* AppDelegate.m in Sources */ = {isa = PBXBuildFile; fileRef = 8335BF2A1666AA6E00F59793 /* AppDelegate.m */; };
		8335BF2D1666AA6E00F59793 /* Default.png in Resources */ = {isa = PBXBuildFile; fileRef = 8335BF2C1666AA6E00F59793 /* Default.png */; };
		8335BF2F1666AA6E00F59793 /* Default@2x.png in Resources */ = {isa = PBXBuildFile; fileRef = 8335BF2E1666AA6E00F59793 /* Default@2x.png */; };
		8335BF311666AA6E00F59793 /* Default-568h@2x.png in Resources */ = {isa = PBXBuildFile; fileRef = 8335BF301666AA6E00F59793 /* Default-568h@2x.png */; };
		8335BF341666AA6E00F59793 /* FirstViewController.m in Sources */ = {isa = PBXBuildFile; fileRef = 8335BF331666AA6E00F59793 /* FirstViewController.m */; };
		8335BF361666AA6E00F59793 /* first.png in Resources */ = {isa = PBXBuildFile; fileRef = 8335BF351666AA6E00F59793 /* first.png */; };
		8335BF381666AA6E00F59793 /* first@2x.png in Resources */ = {isa = PBXBuildFile; fileRef = 8335BF371666AA6E00F59793 /* first@2x.png */; };
		8335BF3B1666AA6E00F59793 /* SecondViewController.m in Sources */ = {isa = PBXBuildFile; fileRef = 8335BF3A1666AA6E00F59793 /* SecondViewController.m */; };
		8335BF3D1666AA6E00F59793 /* second.png in Resources */ = {isa = PBXBuildFile; fileRef = 8335BF3C1666AA6E00F59793 /* second.png */; };
		8335BF3F1666AA6E00F59793 /* second@2x.png in Resources */ = {isa = PBXBuildFile; fileRef = 8335BF3E1666AA6E00F59793 /* second@2x.png */; };
		8335BF421666AA6F00F59793 /* FirstViewController.xib in Resources */ = {isa = PBXBuildFile; fileRef = 8335BF401666AA6E00F59793 /* FirstViewController.xib */; };
		8335BF451666AA6F00F59793 /* SecondViewController.xib in Resources */ = {isa = PBXBuildFile; fileRef = 8335BF431666AA6F00F59793 /* SecondViewController.xib */; };
/* End PBXBuildFile section */

/* Begin PBXFileReference section */
		8335BF161666AA6D00F59793 /* project2.app */ = {isa = PBXFileReference; explicitFileType = wrapper.application; includeInIndex = 0; path = project2.app; sourceTree = BUILT_PRODUCTS_DIR; };
		8335BF1A1666AA6D00F59793 /* UIKit.framework */ = {isa = PBXFileReference; lastKnownFileType = wrapper.framework; name = UIKit.framework; path = System/Library/Frameworks/UIKit.framework; sourceTree = SDKROOT; };
		8335BF1C1666AA6D00F59793 /* Foundation.framework */ = {isa = PBXFileReference; lastKnownFileType = wrapper.framework; name = Foundation.framework; path = System/Library/Frameworks/Foundation.framework; sourceTree = SDKROOT; };
		8335BF1E1666AA6D00F59793 /* CoreGraphics.framework */ = {isa = PBXFileReference; lastKnownFileType = wrapper.framework; name = CoreGraphics.framework; path = System/Library/Frameworks/CoreGraphics.framework; sourceTree = SDKROOT; };
		8335BF221666AA6D00F59793 /* project2-Info.plist */ = {isa = PBXFileReference; lastKnownFileType = text.plist.xml; path = "project2-Info.plist"; sourceTree = "<group>"; };
		8335BF241666AA6D00F59793 /* en */ = {isa = PBXFileReference; lastKnownFileType = text.plist.strings; name = en; path = en.lproj/InfoPlist.strings; sourceTree = "<group>"; };
		8335BF261666AA6D00F59793 /* main.m */ = {isa = PBXFileReference; lastKnownFileType = sourcecode.c.objc; path = main.m; sourceTree = "<group>"; };
		8335BF281666AA6D00F59793 /* project2-Prefix.pch */ = {isa = PBXFileReference; lastKnownFileType = sourcecode.c.h; path = "project2-Prefix.pch"; sourceTree = "<group>"; };
		8335BF291666AA6D00F59793 /* AppDelegate.h */ = {isa = PBXFileReference; lastKnownFileType = sourcecode.c.h; path = AppDelegate.h; sourceTree = "<group>"; };
		8335BF2A1666AA6E00F59793 /* AppDelegate.m */ = {isa = PBXFileReference; lastKnownFileType = sourcecode.c.objc; path = AppDelegate.m; sourceTree = "<group>"; };
		8335BF2C1666AA6E00F59793 /* Default.png */ = {isa = PBXFileReference; lastKnownFileType = image.png; path = Default.png; sourceTree = "<group>"; };
		8335BF2E1666AA6E00F59793 /* Default@2x.png */ = {isa = PBXFileReference; lastKnownFileType = image.png; path = "Default@2x.png"; sourceTree = "<group>"; };
		8335BF301666AA6E00F59793 /* Default-568h@2x.png */ = {isa = PBXFileReference; lastKnownFileType = image.png; path = "Default-568h@2x.png"; sourceTree = "<group>"; };
		8335BF321666AA6E00F59793 /* FirstViewController.h */ = {isa = PBXFileReference; lastKnownFileType = sourcecode.c.h; path = FirstViewController.h; sourceTree = "<group>"; };
		8335BF331666AA6E00F59793 /* FirstViewController.m */ = {isa = PBXFileReference; lastKnownFileType = sourcecode.c.objc; path = FirstViewController.m; sourceTree = "<group>"; };
		8335BF351666AA6E00F59793 /* first.png */ = {isa = PBXFileReference; lastKnownFileType = image.png; path = first.png; sourceTree = "<group>"; };
		8335BF371666AA6E00F59793 /* first@2x.png */ = {isa = PBXFileReference; lastKnownFileType = image.png; path = "first@2x.png"; sourceTree = "<group>"; };
		8335BF391666AA6E00F59793 /* SecondViewController.h */ = {isa = PBXFileReference; lastKnownFileType = sourcecode.c.h; path = SecondViewController.h; sourceTree = "<group>"; };
		8335BF3A1666AA6E00F59793 /* SecondViewController.m */ = {isa = PBXFileReference; lastKnownFileType = sourcecode.c.objc; path = SecondViewController.m; sourceTree = "<group>"; };
		8335BF3C1666AA6E00F59793 /* second.png */ = {isa = PBXFileReference; lastKnownFileType = image.png; path = second.png; sourceTree = "<group>"; };
		8335BF3E1666AA6E00F59793 /* second@2x.png */ = {isa = PBXFileReference; lastKnownFileType = image.png; path = "second@2x.png"; sourceTree = "<group>"; };
		8335BF411666AA6F00F59793 /* en */ = {isa = PBXFileReference; lastKnownFileType = file.xib; name = en; path = en.lproj/FirstViewController.xib; sourceTree = "<group>"; };
		8335BF441666AA6F00F59793 /* en */ = {isa = PBXFileReference; lastKnownFileType = file.xib; name = en; path = en.lproj/SecondViewController.xib; sourceTree = "<group>"; };
/* End PBXFileReference section */

/* Begin PBXFrameworksBuildPhase section */
		8335BF131666AA6D00F59793 /* Frameworks */ = {
			isa = PBXFrameworksBuildPhase;
			buildActionMask = 2147483647;
			files = (
				8335BF1B1666AA6D00F59793 /* UIKit.framework in Frameworks */,
				8335BF1D1666AA6D00F59793 /* Foundation.framework in Frameworks */,
				8335BF1F1666AA6D00F59793 /* CoreGraphics.framework in Frameworks */,
			);
			runOnlyForDeploymentPostprocessing = 0;
		};
/* End PBXFrameworksBuildPhase section */

/* Begin PBXGroup section */
		8335BF0B1666AA6D00F59793 = {
			isa = PBXGroup;
			children = (
				8335BF201666AA6D00F59793 /* project2 */,
				8335BF191666AA6D00F59793 /* Frameworks */,
				8335BF171666AA6D00F59793 /* Products */,
			);
			sourceTree = "<group>";
		};
		8335BF171666AA6D00F59793 /* Products */ = {
			isa = PBXGroup;
			children = (
				8335BF161666AA6D00F59793 /* project2.app */,
			);
			name = Products;
			sourceTree = "<group>";
		};
		8335BF191666AA6D00F59793 /* Frameworks */ = {
			isa = PBXGroup;
			children = (
				8335BF1A1666AA6D00F59793 /* UIKit.framework */,
				8335BF1C1666AA6D00F59793 /* Foundation.framework */,
				8335BF1E1666AA6D00F59793 /* CoreGraphics.framework */,
			);
			name = Frameworks;
			sourceTree = "<group>";
		};
		8335BF201666AA6D00F59793 /* project2 */ = {
			isa = PBXGroup;
			children = (
				8335BF291666AA6D00F59793 /* AppDelegate.h */,
				8335BF2A1666AA6E00F59793 /* AppDelegate.m */,
				8335BF321666AA6E00F59793 /* FirstViewController.h */,
				8335BF331666AA6E00F59793 /* FirstViewController.m */,
				8335BF351666AA6E00F59793 /* first.png */,
				8335BF371666AA6E00F59793 /* first@2x.png */,
				8335BF391666AA6E00F59793 /* SecondViewController.h */,
				8335BF3A1666AA6E00F59793 /* SecondViewController.m */,
				8335BF3C1666AA6E00F59793 /* second.png */,
				8335BF3E1666AA6E00F59793 /* second@2x.png */,
				8335BF401666AA6E00F59793 /* FirstViewController.xib */,
				8335BF431666AA6F00F59793 /* SecondViewController.xib */,
				8335BF211666AA6D00F59793 /* Supporting Files */,
			);
			path = project2;
			sourceTree = "<group>";
		};
		8335BF211666AA6D00F59793 /* Supporting Files */ = {
			isa = PBXGroup;
			children = (
				8335BF221666AA6D00F59793 /* project2-Info.plist */,
				8335BF231666AA6D00F59793 /* InfoPlist.strings */,
				8335BF261666AA6D00F59793 /* main.m */,
				8335BF281666AA6D00F59793 /* project2-Prefix.pch */,
				8335BF2C1666AA6E00F59793 /* Default.png */,
				8335BF2E1666AA6E00F59793 /* Default@2x.png */,
				8335BF301666AA6E00F59793 /* Default-568h@2x.png */,
			);
			name = "Supporting Files";
			sourceTree = "<group>";
		};
/* End PBXGroup section */

/* Begin PBXNativeTarget section */
		8335BF151666AA6D00F59793 /* project2 */ = {
			isa = PBXNativeTarget;
			buildConfigurationList = 8335BF481666AA6F00F59793 /* Build configuration list for PBXNativeTarget "project2" */;
			buildPhases = (
				8335BF121666AA6D00F59793 /* Sources */,
				8335BF131666AA6D00F59793 /* Frameworks */,
				8335BF141666AA6D00F59793 /* Resources */,
			);
			buildRules = (
			);
			dependencies = (
			);
			name = project2;
			productName = project2;
			productReference = 8335BF161666AA6D00F59793 /* project2.app */;
			productType = "com.apple.product-type.application";
		};
/* End PBXNativeTarget section */

/* Begin PBXProject section */
		8335BF0D1666AA6D00F59793 /* Project object */ = {
			isa = PBXProject;
			attributes = {
				LastUpgradeCheck = 0450;
				ORGANIZATIONNAME = "Rueben Anderson";
			};
			buildConfigurationList = 8335BF101666AA6D00F59793 /* Build configuration list for PBXProject "project2" */;
			compatibilityVersion = "Xcode 3.2";
			developmentRegion = English;
			hasScannedForEncodings = 0;
			knownRegions = (
				en,
			);
			mainGroup = 8335BF0B1666AA6D00F59793;
			productRefGroup = 8335BF171666AA6D00F59793 /* Products */;
			projectDirPath = "";
			projectRoot = "";
			targets = (
				8335BF151666AA6D00F59793 /* project2 */,
			);
		};
/* End PBXProject section */

/* Begin PBXResourcesBuildPhase section */
		8335BF141666AA6D00F59793 /* Resources */ = {
			isa = PBXResourcesBuildPhase;
			buildActionMask = 2147483647;
			files = (
				8335BF251666AA6D00F59793 /* InfoPlist.strings in Resources */,
				8335BF2D1666AA6E00F59793 /* Default.png in Resources */,
				8335BF2F1666AA6E00F59793 /* Default@2x.png in Resources */,
				8335BF311666AA6E00F59793 /* Default-568h@2x.png in Resources */,
				8335BF361666AA6E00F59793 /* first.png in Resources */,
				8335BF381666AA6E00F59793 /* first@2x.png in Resources */,
				8335BF3D1666AA6E00F59793 /* second.png in Resources */,
				8335BF3F1666AA6E00F59793 /* second@2x.png in Resources */,
				8335BF421666AA6F00F59793 /* FirstViewController.xib in Resources */,
				8335BF451666AA6F00F59793 /* SecondViewController.xib in Resources */,
			);
			runOnlyForDeploymentPostprocessing = 0;
		};
/* End PBXResourcesBuildPhase section */

/* Begin PBXSourcesBuildPhase section */
		8335BF121666AA6D00F59793 /* Sources */ = {
			isa = PBXSourcesBuildPhase;
			buildActionMask = 2147483647;
			files = (
				8335BF271666AA6D00F59793 /* main.m in Sources */,
				8335BF2B1666AA6E00F59793 /* AppDelegate.m in Sources */,
				8335BF341666AA6E00F59793 /* FirstViewController.m in Sources */,
				8335BF3B1666AA6E00F59793 /* SecondViewController.m in Sources */,
			);
			runOnlyForDeploymentPostprocessing = 0;
		};
/* End PBXSourcesBuildPhase section */

/* Begin PBXVariantGroup section */
		8335BF231666AA6D00F59793 /* InfoPlist.strings */ = {
			isa = PBXVariantGroup;
			children = (
				8335BF241666AA6D00F59793 /* en */,
			);
			name = InfoPlist.strings;
			sourceTree = "<group>";
		};
		8335BF401666AA6E00F59793 /* FirstViewController.xib */ = {
			isa = PBXVariantGroup;
			children = (
				8335BF411666AA6F00F59793 /* en */,
			);
			name = FirstViewController.xib;
			sourceTree = "<group>";
		};
		8335BF431666AA6F00F59793 /* SecondViewController.xib */ = {
			isa = PBXVariantGroup;
			children = (
				8335BF441666AA6F00F59793 /* en */,
			);
			name = SecondViewController.xib;
			sourceTree = "<group>";
		};
/* End PBXVariantGroup section */

/* Begin XCBuildConfiguration section */
		8335BF461666AA6F00F59793 /* Debug */ = {
			isa = XCBuildConfiguration;
			buildSettings = {
				ALWAYS_SEARCH_USER_PATHS = NO;
				CLANG_CXX_LANGUAGE_STANDARD = "gnu++0x";
				CLANG_CXX_LIBRARY = "libc++";
				CLANG_WARN_EMPTY_BODY = YES;
				CLANG_WARN__DUPLICATE_METHOD_MATCH = YES;
				"CODE_SIGN_IDENTITY[sdk=iphoneos*]" = "iPhone Developer";
				COPY_PHASE_STRIP = NO;
				GCC_C_LANGUAGE_STANDARD = gnu99;
				GCC_DYNAMIC_NO_PIC = NO;
				GCC_OPTIMIZATION_LEVEL = 0;
				GCC_PREPROCESSOR_DEFINITIONS = (
					"DEBUG=1",
					"$(inherited)",
				);
				GCC_SYMBOLS_PRIVATE_EXTERN = NO;
				GCC_WARN_ABOUT_RETURN_TYPE = YES;
				GCC_WARN_UNINITIALIZED_AUTOS = YES;
				GCC_WARN_UNUSED_VARIABLE = YES;
				IPHONEOS_DEPLOYMENT_TARGET = 6.0;
				ONLY_ACTIVE_ARCH = YES;
				SDKROOT = iphoneos;
			};
			name = Debug;
		};
		8335BF471666AA6F00F59793 /* Release */ = {
			isa = XCBuildConfiguration;
			buildSettings = {
				ALWAYS_SEARCH_USER_PATHS = NO;
				CLANG_CXX_LANGUAGE_STANDARD = "gnu++0x";
				CLANG_CXX_LIBRARY = "libc++";
				CLANG_WARN_EMPTY_BODY = YES;
				CLANG_WARN__DUPLICATE_METHOD_MATCH = YES;
				"CODE_SIGN_IDENTITY[sdk=iphoneos*]" = "iPhone Developer";
				COPY_PHASE_STRIP = YES;
				GCC_C_LANGUAGE_STANDARD = gnu99;
				GCC_WARN_ABOUT_RETURN_TYPE = YES;
				GCC_WARN_UNINITIALIZED_AUTOS = YES;
				GCC_WARN_UNUSED_VARIABLE = YES;
				IPHONEOS_DEPLOYMENT_TARGET = 6.0;
				OTHER_CFLAGS = "-DNS_BLOCK_ASSERTIONS=1";
				SDKROOT = iphoneos;
				VALIDATE_PRODUCT = YES;
			};
			name = Release;
		};
		8335BF491666AA6F00F59793 /* Debug */ = {
			isa = XCBuildConfiguration;
			buildSettings = {
				GCC_PRECOMPILE_PREFIX_HEADER = YES;
				GCC_PREFIX_HEADER = "project2/project2-Prefix.pch";
				INFOPLIST_FILE = "project2/project2-Info.plist";
				PRODUCT_NAME = "$(TARGET_NAME)";
				WRAPPER_EXTENSION = app;
			};
			name = Debug;
		};
		8335BF4A1666AA6F00F59793 /* Release */ = {
			isa = XCBuildConfiguration;
			buildSettings = {
				GCC_PRECOMPILE_PREFIX_HEADER = YES;
				GCC_PREFIX_HEADER = "project2/project2-Prefix.pch";
				INFOPLIST_FILE = "project2/project2-Info.plist";
				PRODUCT_NAME = "$(TARGET_NAME)";
				WRAPPER_EXTENSION = app;
			};
			name = Release;
		};
/* End XCBuildConfiguration section */

/* Begin XCConfigurationList section */
		8335BF101666AA6D00F59793 /* Build configuration list for PBXProject "project2" */ = {
			isa = XCConfigurationList;
			buildConfigurations = (
				8335BF461666AA6F00F59793 /* Debug */,
				8335BF471666AA6F00F59793 /* Release */,
			);
			defaultConfigurationIsVisible = 0;
			defaultConfigurationName = Release;
		};
		8335BF481666AA6F00F59793 /* Build configuration list for PBXNativeTarget "project2" */ = {
			isa = XCConfigurationList;
			buildConfigurations = (
				8335BF491666AA6F00F59793 /* Debug */,
				8335BF4A1666AA6F00F59793 /* Release */,
			);
			defaultConfigurationIsVisible = 0;
		};
/* End XCConfigurationList section */
	};
	rootObject = 8335BF0D1666AA6D00F59793 /* Project object */;
}
