// !$*UTF8*$!
{
	archiveVersion = 1;
	classes = {
	};
	objectVersion = 46;
	objects = {

/* Begin PBXBuildFile section */
		83BB3151165C1719008AF5CD /* UIKit.framework in Frameworks */ = {isa = PBXBuildFile; fileRef = 83BB3150165C1719008AF5CD /* UIKit.framework */; };
		83BB3153165C1719008AF5CD /* Foundation.framework in Frameworks */ = {isa = PBXBuildFile; fileRef = 83BB3152165C1719008AF5CD /* Foundation.framework */; };
		83BB3155165C1719008AF5CD /* CoreGraphics.framework in Frameworks */ = {isa = PBXBuildFile; fileRef = 83BB3154165C1719008AF5CD /* CoreGraphics.framework */; };
		83BB315B165C1719008AF5CD /* InfoPlist.strings in Resources */ = {isa = PBXBuildFile; fileRef = 83BB3159165C1719008AF5CD /* InfoPlist.strings */; };
		83BB315D165C1719008AF5CD /* main.m in Sources */ = {isa = PBXBuildFile; fileRef = 83BB315C165C1719008AF5CD /* main.m */; };
		83BB3161165C171A008AF5CD /* AppDelegate.m in Sources */ = {isa = PBXBuildFile; fileRef = 83BB3160165C171A008AF5CD /* AppDelegate.m */; };
		83BB3163165C171A008AF5CD /* Default.png in Resources */ = {isa = PBXBuildFile; fileRef = 83BB3162165C171A008AF5CD /* Default.png */; };
		83BB3165165C171A008AF5CD /* Default@2x.png in Resources */ = {isa = PBXBuildFile; fileRef = 83BB3164165C171A008AF5CD /* Default@2x.png */; };
		83BB3167165C171A008AF5CD /* Default-568h@2x.png in Resources */ = {isa = PBXBuildFile; fileRef = 83BB3166165C171A008AF5CD /* Default-568h@2x.png */; };
		83BB316A165C171A008AF5CD /* ViewController.m in Sources */ = {isa = PBXBuildFile; fileRef = 83BB3169165C171A008AF5CD /* ViewController.m */; };
		83BB316D165C171A008AF5CD /* ViewController.xib in Resources */ = {isa = PBXBuildFile; fileRef = 83BB316B165C171A008AF5CD /* ViewController.xib */; };
/* End PBXBuildFile section */

/* Begin PBXFileReference section */
		83BB314C165C1719008AF5CD /* tableViewPractice.app */ = {isa = PBXFileReference; explicitFileType = wrapper.application; includeInIndex = 0; path = tableViewPractice.app; sourceTree = BUILT_PRODUCTS_DIR; };
		83BB3150165C1719008AF5CD /* UIKit.framework */ = {isa = PBXFileReference; lastKnownFileType = wrapper.framework; name = UIKit.framework; path = System/Library/Frameworks/UIKit.framework; sourceTree = SDKROOT; };
		83BB3152165C1719008AF5CD /* Foundation.framework */ = {isa = PBXFileReference; lastKnownFileType = wrapper.framework; name = Foundation.framework; path = System/Library/Frameworks/Foundation.framework; sourceTree = SDKROOT; };
		83BB3154165C1719008AF5CD /* CoreGraphics.framework */ = {isa = PBXFileReference; lastKnownFileType = wrapper.framework; name = CoreGraphics.framework; path = System/Library/Frameworks/CoreGraphics.framework; sourceTree = SDKROOT; };
		83BB3158165C1719008AF5CD /* tableViewPractice-Info.plist */ = {isa = PBXFileReference; lastKnownFileType = text.plist.xml; path = "tableViewPractice-Info.plist"; sourceTree = "<group>"; };
		83BB315A165C1719008AF5CD /* en */ = {isa = PBXFileReference; lastKnownFileType = text.plist.strings; name = en; path = en.lproj/InfoPlist.strings; sourceTree = "<group>"; };
		83BB315C165C1719008AF5CD /* main.m */ = {isa = PBXFileReference; lastKnownFileType = sourcecode.c.objc; path = main.m; sourceTree = "<group>"; };
		83BB315E165C1719008AF5CD /* tableViewPractice-Prefix.pch */ = {isa = PBXFileReference; lastKnownFileType = sourcecode.c.h; path = "tableViewPractice-Prefix.pch"; sourceTree = "<group>"; };
		83BB315F165C1719008AF5CD /* AppDelegate.h */ = {isa = PBXFileReference; lastKnownFileType = sourcecode.c.h; path = AppDelegate.h; sourceTree = "<group>"; };
		83BB3160165C171A008AF5CD /* AppDelegate.m */ = {isa = PBXFileReference; lastKnownFileType = sourcecode.c.objc; path = AppDelegate.m; sourceTree = "<group>"; };
		83BB3162165C171A008AF5CD /* Default.png */ = {isa = PBXFileReference; lastKnownFileType = image.png; path = Default.png; sourceTree = "<group>"; };
		83BB3164165C171A008AF5CD /* Default@2x.png */ = {isa = PBXFileReference; lastKnownFileType = image.png; path = "Default@2x.png"; sourceTree = "<group>"; };
		83BB3166165C171A008AF5CD /* Default-568h@2x.png */ = {isa = PBXFileReference; lastKnownFileType = image.png; path = "Default-568h@2x.png"; sourceTree = "<group>"; };
		83BB3168165C171A008AF5CD /* ViewController.h */ = {isa = PBXFileReference; lastKnownFileType = sourcecode.c.h; path = ViewController.h; sourceTree = "<group>"; };
		83BB3169165C171A008AF5CD /* ViewController.m */ = {isa = PBXFileReference; lastKnownFileType = sourcecode.c.objc; path = ViewController.m; sourceTree = "<group>"; };
		83BB316C165C171A008AF5CD /* en */ = {isa = PBXFileReference; lastKnownFileType = file.xib; name = en; path = en.lproj/ViewController.xib; sourceTree = "<group>"; };
/* End PBXFileReference section */

/* Begin PBXFrameworksBuildPhase section */
		83BB3149165C1719008AF5CD /* Frameworks */ = {
			isa = PBXFrameworksBuildPhase;
			buildActionMask = 2147483647;
			files = (
				83BB3151165C1719008AF5CD /* UIKit.framework in Frameworks */,
				83BB3153165C1719008AF5CD /* Foundation.framework in Frameworks */,
				83BB3155165C1719008AF5CD /* CoreGraphics.framework in Frameworks */,
			);
			runOnlyForDeploymentPostprocessing = 0;
		};
/* End PBXFrameworksBuildPhase section */

/* Begin PBXGroup section */
		83BB3141165C1719008AF5CD = {
			isa = PBXGroup;
			children = (
				83BB3156165C1719008AF5CD /* tableViewPractice */,
				83BB314F165C1719008AF5CD /* Frameworks */,
				83BB314D165C1719008AF5CD /* Products */,
			);
			sourceTree = "<group>";
		};
		83BB314D165C1719008AF5CD /* Products */ = {
			isa = PBXGroup;
			children = (
				83BB314C165C1719008AF5CD /* tableViewPractice.app */,
			);
			name = Products;
			sourceTree = "<group>";
		};
		83BB314F165C1719008AF5CD /* Frameworks */ = {
			isa = PBXGroup;
			children = (
				83BB3150165C1719008AF5CD /* UIKit.framework */,
				83BB3152165C1719008AF5CD /* Foundation.framework */,
				83BB3154165C1719008AF5CD /* CoreGraphics.framework */,
			);
			name = Frameworks;
			sourceTree = "<group>";
		};
		83BB3156165C1719008AF5CD /* tableViewPractice */ = {
			isa = PBXGroup;
			children = (
				83BB315F165C1719008AF5CD /* AppDelegate.h */,
				83BB3160165C171A008AF5CD /* AppDelegate.m */,
				83BB3168165C171A008AF5CD /* ViewController.h */,
				83BB3169165C171A008AF5CD /* ViewController.m */,
				83BB316B165C171A008AF5CD /* ViewController.xib */,
				83BB3157165C1719008AF5CD /* Supporting Files */,
			);
			path = tableViewPractice;
			sourceTree = "<group>";
		};
		83BB3157165C1719008AF5CD /* Supporting Files */ = {
			isa = PBXGroup;
			children = (
				83BB3158165C1719008AF5CD /* tableViewPractice-Info.plist */,
				83BB3159165C1719008AF5CD /* InfoPlist.strings */,
				83BB315C165C1719008AF5CD /* main.m */,
				83BB315E165C1719008AF5CD /* tableViewPractice-Prefix.pch */,
				83BB3162165C171A008AF5CD /* Default.png */,
				83BB3164165C171A008AF5CD /* Default@2x.png */,
				83BB3166165C171A008AF5CD /* Default-568h@2x.png */,
			);
			name = "Supporting Files";
			sourceTree = "<group>";
		};
/* End PBXGroup section */

/* Begin PBXNativeTarget section */
		83BB314B165C1719008AF5CD /* tableViewPractice */ = {
			isa = PBXNativeTarget;
			buildConfigurationList = 83BB3170165C171A008AF5CD /* Build configuration list for PBXNativeTarget "tableViewPractice" */;
			buildPhases = (
				83BB3148165C1719008AF5CD /* Sources */,
				83BB3149165C1719008AF5CD /* Frameworks */,
				83BB314A165C1719008AF5CD /* Resources */,
			);
			buildRules = (
			);
			dependencies = (
			);
			name = tableViewPractice;
			productName = tableViewPractice;
			productReference = 83BB314C165C1719008AF5CD /* tableViewPractice.app */;
			productType = "com.apple.product-type.application";
		};
/* End PBXNativeTarget section */

/* Begin PBXProject section */
		83BB3143165C1719008AF5CD /* Project object */ = {
			isa = PBXProject;
			attributes = {
				LastUpgradeCheck = 0450;
				ORGANIZATIONNAME = "Rueben Anderson";
			};
			buildConfigurationList = 83BB3146165C1719008AF5CD /* Build configuration list for PBXProject "tableViewPractice" */;
			compatibilityVersion = "Xcode 3.2";
			developmentRegion = English;
			hasScannedForEncodings = 0;
			knownRegions = (
				en,
			);
			mainGroup = 83BB3141165C1719008AF5CD;
			productRefGroup = 83BB314D165C1719008AF5CD /* Products */;
			projectDirPath = "";
			projectRoot = "";
			targets = (
				83BB314B165C1719008AF5CD /* tableViewPractice */,
			);
		};
/* End PBXProject section */

/* Begin PBXResourcesBuildPhase section */
		83BB314A165C1719008AF5CD /* Resources */ = {
			isa = PBXResourcesBuildPhase;
			buildActionMask = 2147483647;
			files = (
				83BB315B165C1719008AF5CD /* InfoPlist.strings in Resources */,
				83BB3163165C171A008AF5CD /* Default.png in Resources */,
				83BB3165165C171A008AF5CD /* Default@2x.png in Resources */,
				83BB3167165C171A008AF5CD /* Default-568h@2x.png in Resources */,
				83BB316D165C171A008AF5CD /* ViewController.xib in Resources */,
			);
			runOnlyForDeploymentPostprocessing = 0;
		};
/* End PBXResourcesBuildPhase section */

/* Begin PBXSourcesBuildPhase section */
		83BB3148165C1719008AF5CD /* Sources */ = {
			isa = PBXSourcesBuildPhase;
			buildActionMask = 2147483647;
			files = (
				83BB315D165C1719008AF5CD /* main.m in Sources */,
				83BB3161165C171A008AF5CD /* AppDelegate.m in Sources */,
				83BB316A165C171A008AF5CD /* ViewController.m in Sources */,
			);
			runOnlyForDeploymentPostprocessing = 0;
		};
/* End PBXSourcesBuildPhase section */

/* Begin PBXVariantGroup section */
		83BB3159165C1719008AF5CD /* InfoPlist.strings */ = {
			isa = PBXVariantGroup;
			children = (
				83BB315A165C1719008AF5CD /* en */,
			);
			name = InfoPlist.strings;
			sourceTree = "<group>";
		};
		83BB316B165C171A008AF5CD /* ViewController.xib */ = {
			isa = PBXVariantGroup;
			children = (
				83BB316C165C171A008AF5CD /* en */,
			);
			name = ViewController.xib;
			sourceTree = "<group>";
		};
/* End PBXVariantGroup section */

/* Begin XCBuildConfiguration section */
		83BB316E165C171A008AF5CD /* Debug */ = {
			isa = XCBuildConfiguration;
			buildSettings = {
				ALWAYS_SEARCH_USER_PATHS = NO;
				CLANG_CXX_LANGUAGE_STANDARD = "gnu++0x";
				CLANG_CXX_LIBRARY = "libc++";
				CLANG_WARN_EMPTY_BODY = YES;
				CLANG_WARN__DUPLICATE_METHOD_MATCH = YES;
				"CODE_SIGN_IDENTITY[sdk=iphoneos*]" = "iPhone Developer";
				COPY_PHASE_STRIP = NO;
				GCC_C_LANGUAGE_STANDARD = gnu99;
				GCC_DYNAMIC_NO_PIC = NO;
				GCC_OPTIMIZATION_LEVEL = 0;
				GCC_PREPROCESSOR_DEFINITIONS = (
					"DEBUG=1",
					"$(inherited)",
				);
				GCC_SYMBOLS_PRIVATE_EXTERN = NO;
				GCC_WARN_ABOUT_RETURN_TYPE = YES;
				GCC_WARN_UNINITIALIZED_AUTOS = YES;
				GCC_WARN_UNUSED_VARIABLE = YES;
				IPHONEOS_DEPLOYMENT_TARGET = 6.0;
				ONLY_ACTIVE_ARCH = YES;
				SDKROOT = iphoneos;
			};
			name = Debug;
		};
		83BB316F165C171A008AF5CD /* Release */ = {
			isa = XCBuildConfiguration;
			buildSettings = {
				ALWAYS_SEARCH_USER_PATHS = NO;
				CLANG_CXX_LANGUAGE_STANDARD = "gnu++0x";
				CLANG_CXX_LIBRARY = "libc++";
				CLANG_WARN_EMPTY_BODY = YES;
				CLANG_WARN__DUPLICATE_METHOD_MATCH = YES;
				"CODE_SIGN_IDENTITY[sdk=iphoneos*]" = "iPhone Developer";
				COPY_PHASE_STRIP = YES;
				GCC_C_LANGUAGE_STANDARD = gnu99;
				GCC_WARN_ABOUT_RETURN_TYPE = YES;
				GCC_WARN_UNINITIALIZED_AUTOS = YES;
				GCC_WARN_UNUSED_VARIABLE = YES;
				IPHONEOS_DEPLOYMENT_TARGET = 6.0;
				OTHER_CFLAGS = "-DNS_BLOCK_ASSERTIONS=1";
				SDKROOT = iphoneos;
				VALIDATE_PRODUCT = YES;
			};
			name = Release;
		};
		83BB3171165C171A008AF5CD /* Debug */ = {
			isa = XCBuildConfiguration;
			buildSettings = {
				GCC_PRECOMPILE_PREFIX_HEADER = YES;
				GCC_PREFIX_HEADER = "tableViewPractice/tableViewPractice-Prefix.pch";
				INFOPLIST_FILE = "tableViewPractice/tableViewPractice-Info.plist";
				PRODUCT_NAME = "$(TARGET_NAME)";
				WRAPPER_EXTENSION = app;
			};
			name = Debug;
		};
		83BB3172165C171A008AF5CD /* Release */ = {
			isa = XCBuildConfiguration;
			buildSettings = {
				GCC_PRECOMPILE_PREFIX_HEADER = YES;
				GCC_PREFIX_HEADER = "tableViewPractice/tableViewPractice-Prefix.pch";
				INFOPLIST_FILE = "tableViewPractice/tableViewPractice-Info.plist";
				PRODUCT_NAME = "$(TARGET_NAME)";
				WRAPPER_EXTENSION = app;
			};
			name = Release;
		};
/* End XCBuildConfiguration section */

/* Begin XCConfigurationList section */
		83BB3146165C1719008AF5CD /* Build configuration list for PBXProject "tableViewPractice" */ = {
			isa = XCConfigurationList;
			buildConfigurations = (
				83BB316E165C171A008AF5CD /* Debug */,
				83BB316F165C171A008AF5CD /* Release */,
			);
			defaultConfigurationIsVisible = 0;
			defaultConfigurationName = Release;
		};
		83BB3170165C171A008AF5CD /* Build configuration list for PBXNativeTarget "tableViewPractice" */ = {
			isa = XCConfigurationList;
			buildConfigurations = (
				83BB3171165C171A008AF5CD /* Debug */,
				83BB3172165C171A008AF5CD /* Release */,
			);
			defaultConfigurationIsVisible = 0;
			defaultConfigurationName = Release;
		};
/* End XCConfigurationList section */
	};
	rootObject = 83BB3143165C1719008AF5CD /* Project object */;
}
