// !$*UTF8*$!
{
	archiveVersion = 1;
	classes = {
	};
	objectVersion = 46;
	objects = {

/* Begin PBXBuildFile section */
		83D58809166E57D1000B2AA9 /* UIKit.framework in Frameworks */ = {isa = PBXBuildFile; fileRef = 83D58808166E57D1000B2AA9 /* UIKit.framework */; };
		83D5880B166E57D1000B2AA9 /* Foundation.framework in Frameworks */ = {isa = PBXBuildFile; fileRef = 83D5880A166E57D1000B2AA9 /* Foundation.framework */; };
		83D5880D166E57D1000B2AA9 /* CoreGraphics.framework in Frameworks */ = {isa = PBXBuildFile; fileRef = 83D5880C166E57D1000B2AA9 /* CoreGraphics.framework */; };
		83D58813166E57D2000B2AA9 /* InfoPlist.strings in Resources */ = {isa = PBXBuildFile; fileRef = 83D58811166E57D2000B2AA9 /* InfoPlist.strings */; };
		83D58815166E57D2000B2AA9 /* main.m in Sources */ = {isa = PBXBuildFile; fileRef = 83D58814166E57D2000B2AA9 /* main.m */; };
		83D58819166E57D2000B2AA9 /* AppDelegate.m in Sources */ = {isa = PBXBuildFile; fileRef = 83D58818166E57D2000B2AA9 /* AppDelegate.m */; };
		83D5881B166E57D2000B2AA9 /* Default.png in Resources */ = {isa = PBXBuildFile; fileRef = 83D5881A166E57D2000B2AA9 /* Default.png */; };
		83D5881D166E57D2000B2AA9 /* Default@2x.png in Resources */ = {isa = PBXBuildFile; fileRef = 83D5881C166E57D2000B2AA9 /* Default@2x.png */; };
		83D5881F166E57D2000B2AA9 /* Default-568h@2x.png in Resources */ = {isa = PBXBuildFile; fileRef = 83D5881E166E57D2000B2AA9 /* Default-568h@2x.png */; };
		83D58822166E57D2000B2AA9 /* ViewController.m in Sources */ = {isa = PBXBuildFile; fileRef = 83D58821166E57D2000B2AA9 /* ViewController.m */; };
		83D58825166E57D2000B2AA9 /* ViewController.xib in Resources */ = {isa = PBXBuildFile; fileRef = 83D58823166E57D2000B2AA9 /* ViewController.xib */; };
		83D5882C166E583F000B2AA9 /* MapKit.framework in Frameworks */ = {isa = PBXBuildFile; fileRef = 83D5882B166E583F000B2AA9 /* MapKit.framework */; };
		83D5882F166E5985000B2AA9 /* MyMapAnnotations.m in Sources */ = {isa = PBXBuildFile; fileRef = 83D5882E166E5985000B2AA9 /* MyMapAnnotations.m */; };
/* End PBXBuildFile section */

/* Begin PBXFileReference section */
		83D58804166E57D1000B2AA9 /* practiceMapkit.app */ = {isa = PBXFileReference; explicitFileType = wrapper.application; includeInIndex = 0; path = practiceMapkit.app; sourceTree = BUILT_PRODUCTS_DIR; };
		83D58808166E57D1000B2AA9 /* UIKit.framework */ = {isa = PBXFileReference; lastKnownFileType = wrapper.framework; name = UIKit.framework; path = System/Library/Frameworks/UIKit.framework; sourceTree = SDKROOT; };
		83D5880A166E57D1000B2AA9 /* Foundation.framework */ = {isa = PBXFileReference; lastKnownFileType = wrapper.framework; name = Foundation.framework; path = System/Library/Frameworks/Foundation.framework; sourceTree = SDKROOT; };
		83D5880C166E57D1000B2AA9 /* CoreGraphics.framework */ = {isa = PBXFileReference; lastKnownFileType = wrapper.framework; name = CoreGraphics.framework; path = System/Library/Frameworks/CoreGraphics.framework; sourceTree = SDKROOT; };
		83D58810166E57D2000B2AA9 /* practiceMapkit-Info.plist */ = {isa = PBXFileReference; lastKnownFileType = text.plist.xml; path = "practiceMapkit-Info.plist"; sourceTree = "<group>"; };
		83D58812166E57D2000B2AA9 /* en */ = {isa = PBXFileReference; lastKnownFileType = text.plist.strings; name = en; path = en.lproj/InfoPlist.strings; sourceTree = "<group>"; };
		83D58814166E57D2000B2AA9 /* main.m */ = {isa = PBXFileReference; lastKnownFileType = sourcecode.c.objc; path = main.m; sourceTree = "<group>"; };
		83D58816166E57D2000B2AA9 /* practiceMapkit-Prefix.pch */ = {isa = PBXFileReference; lastKnownFileType = sourcecode.c.h; path = "practiceMapkit-Prefix.pch"; sourceTree = "<group>"; };
		83D58817166E57D2000B2AA9 /* AppDelegate.h */ = {isa = PBXFileReference; lastKnownFileType = sourcecode.c.h; path = AppDelegate.h; sourceTree = "<group>"; };
		83D58818166E57D2000B2AA9 /* AppDelegate.m */ = {isa = PBXFileReference; lastKnownFileType = sourcecode.c.objc; path = AppDelegate.m; sourceTree = "<group>"; };
		83D5881A166E57D2000B2AA9 /* Default.png */ = {isa = PBXFileReference; lastKnownFileType = image.png; path = Default.png; sourceTree = "<group>"; };
		83D5881C166E57D2000B2AA9 /* Default@2x.png */ = {isa = PBXFileReference; lastKnownFileType = image.png; path = "Default@2x.png"; sourceTree = "<group>"; };
		83D5881E166E57D2000B2AA9 /* Default-568h@2x.png */ = {isa = PBXFileReference; lastKnownFileType = image.png; path = "Default-568h@2x.png"; sourceTree = "<group>"; };
		83D58820166E57D2000B2AA9 /* ViewController.h */ = {isa = PBXFileReference; lastKnownFileType = sourcecode.c.h; path = ViewController.h; sourceTree = "<group>"; };
		83D58821166E57D2000B2AA9 /* ViewController.m */ = {isa = PBXFileReference; lastKnownFileType = sourcecode.c.objc; path = ViewController.m; sourceTree = "<group>"; };
		83D58824166E57D2000B2AA9 /* en */ = {isa = PBXFileReference; lastKnownFileType = file.xib; name = en; path = en.lproj/ViewController.xib; sourceTree = "<group>"; };
		83D5882B166E583F000B2AA9 /* MapKit.framework */ = {isa = PBXFileReference; lastKnownFileType = wrapper.framework; name = MapKit.framework; path = System/Library/Frameworks/MapKit.framework; sourceTree = SDKROOT; };
		83D5882D166E5985000B2AA9 /* MyMapAnnotations.h */ = {isa = PBXFileReference; fileEncoding = 4; lastKnownFileType = sourcecode.c.h; path = MyMapAnnotations.h; sourceTree = "<group>"; };
		83D5882E166E5985000B2AA9 /* MyMapAnnotations.m */ = {isa = PBXFileReference; fileEncoding = 4; lastKnownFileType = sourcecode.c.objc; path = MyMapAnnotations.m; sourceTree = "<group>"; };
/* End PBXFileReference section */

/* Begin PBXFrameworksBuildPhase section */
		83D58801166E57D1000B2AA9 /* Frameworks */ = {
			isa = PBXFrameworksBuildPhase;
			buildActionMask = 2147483647;
			files = (
				83D5882C166E583F000B2AA9 /* MapKit.framework in Frameworks */,
				83D58809166E57D1000B2AA9 /* UIKit.framework in Frameworks */,
				83D5880B166E57D1000B2AA9 /* Foundation.framework in Frameworks */,
				83D5880D166E57D1000B2AA9 /* CoreGraphics.framework in Frameworks */,
			);
			runOnlyForDeploymentPostprocessing = 0;
		};
/* End PBXFrameworksBuildPhase section */

/* Begin PBXGroup section */
		83D587F9166E57D1000B2AA9 = {
			isa = PBXGroup;
			children = (
				83D5882B166E583F000B2AA9 /* MapKit.framework */,
				83D5880E166E57D1000B2AA9 /* practiceMapkit */,
				83D58807166E57D1000B2AA9 /* Frameworks */,
				83D58805166E57D1000B2AA9 /* Products */,
			);
			sourceTree = "<group>";
		};
		83D58805166E57D1000B2AA9 /* Products */ = {
			isa = PBXGroup;
			children = (
				83D58804166E57D1000B2AA9 /* practiceMapkit.app */,
			);
			name = Products;
			sourceTree = "<group>";
		};
		83D58807166E57D1000B2AA9 /* Frameworks */ = {
			isa = PBXGroup;
			children = (
				83D58808166E57D1000B2AA9 /* UIKit.framework */,
				83D5880A166E57D1000B2AA9 /* Foundation.framework */,
				83D5880C166E57D1000B2AA9 /* CoreGraphics.framework */,
			);
			name = Frameworks;
			sourceTree = "<group>";
		};
		83D5880E166E57D1000B2AA9 /* practiceMapkit */ = {
			isa = PBXGroup;
			children = (
				83D58817166E57D2000B2AA9 /* AppDelegate.h */,
				83D58818166E57D2000B2AA9 /* AppDelegate.m */,
				83D58820166E57D2000B2AA9 /* ViewController.h */,
				83D58821166E57D2000B2AA9 /* ViewController.m */,
				83D58823166E57D2000B2AA9 /* ViewController.xib */,
				83D5880F166E57D2000B2AA9 /* Supporting Files */,
				83D5882D166E5985000B2AA9 /* MyMapAnnotations.h */,
				83D5882E166E5985000B2AA9 /* MyMapAnnotations.m */,
			);
			path = practiceMapkit;
			sourceTree = "<group>";
		};
		83D5880F166E57D2000B2AA9 /* Supporting Files */ = {
			isa = PBXGroup;
			children = (
				83D58810166E57D2000B2AA9 /* practiceMapkit-Info.plist */,
				83D58811166E57D2000B2AA9 /* InfoPlist.strings */,
				83D58814166E57D2000B2AA9 /* main.m */,
				83D58816166E57D2000B2AA9 /* practiceMapkit-Prefix.pch */,
				83D5881A166E57D2000B2AA9 /* Default.png */,
				83D5881C166E57D2000B2AA9 /* Default@2x.png */,
				83D5881E166E57D2000B2AA9 /* Default-568h@2x.png */,
			);
			name = "Supporting Files";
			sourceTree = "<group>";
		};
/* End PBXGroup section */

/* Begin PBXNativeTarget section */
		83D58803166E57D1000B2AA9 /* practiceMapkit */ = {
			isa = PBXNativeTarget;
			buildConfigurationList = 83D58828166E57D2000B2AA9 /* Build configuration list for PBXNativeTarget "practiceMapkit" */;
			buildPhases = (
				83D58800166E57D1000B2AA9 /* Sources */,
				83D58801166E57D1000B2AA9 /* Frameworks */,
				83D58802166E57D1000B2AA9 /* Resources */,
			);
			buildRules = (
			);
			dependencies = (
			);
			name = practiceMapkit;
			productName = practiceMapkit;
			productReference = 83D58804166E57D1000B2AA9 /* practiceMapkit.app */;
			productType = "com.apple.product-type.application";
		};
/* End PBXNativeTarget section */

/* Begin PBXProject section */
		83D587FB166E57D1000B2AA9 /* Project object */ = {
			isa = PBXProject;
			attributes = {
				LastUpgradeCheck = 0450;
				ORGANIZATIONNAME = "Rueben Anderson";
			};
			buildConfigurationList = 83D587FE166E57D1000B2AA9 /* Build configuration list for PBXProject "practiceMapkit" */;
			compatibilityVersion = "Xcode 3.2";
			developmentRegion = English;
			hasScannedForEncodings = 0;
			knownRegions = (
				en,
			);
			mainGroup = 83D587F9166E57D1000B2AA9;
			productRefGroup = 83D58805166E57D1000B2AA9 /* Products */;
			projectDirPath = "";
			projectRoot = "";
			targets = (
				83D58803166E57D1000B2AA9 /* practiceMapkit */,
			);
		};
/* End PBXProject section */

/* Begin PBXResourcesBuildPhase section */
		83D58802166E57D1000B2AA9 /* Resources */ = {
			isa = PBXResourcesBuildPhase;
			buildActionMask = 2147483647;
			files = (
				83D58813166E57D2000B2AA9 /* InfoPlist.strings in Resources */,
				83D5881B166E57D2000B2AA9 /* Default.png in Resources */,
				83D5881D166E57D2000B2AA9 /* Default@2x.png in Resources */,
				83D5881F166E57D2000B2AA9 /* Default-568h@2x.png in Resources */,
				83D58825166E57D2000B2AA9 /* ViewController.xib in Resources */,
			);
			runOnlyForDeploymentPostprocessing = 0;
		};
/* End PBXResourcesBuildPhase section */

/* Begin PBXSourcesBuildPhase section */
		83D58800166E57D1000B2AA9 /* Sources */ = {
			isa = PBXSourcesBuildPhase;
			buildActionMask = 2147483647;
			files = (
				83D58815166E57D2000B2AA9 /* main.m in Sources */,
				83D58819166E57D2000B2AA9 /* AppDelegate.m in Sources */,
				83D58822166E57D2000B2AA9 /* ViewController.m in Sources */,
				83D5882F166E5985000B2AA9 /* MyMapAnnotations.m in Sources */,
			);
			runOnlyForDeploymentPostprocessing = 0;
		};
/* End PBXSourcesBuildPhase section */

/* Begin PBXVariantGroup section */
		83D58811166E57D2000B2AA9 /* InfoPlist.strings */ = {
			isa = PBXVariantGroup;
			children = (
				83D58812166E57D2000B2AA9 /* en */,
			);
			name = InfoPlist.strings;
			sourceTree = "<group>";
		};
		83D58823166E57D2000B2AA9 /* ViewController.xib */ = {
			isa = PBXVariantGroup;
			children = (
				83D58824166E57D2000B2AA9 /* en */,
			);
			name = ViewController.xib;
			sourceTree = "<group>";
		};
/* End PBXVariantGroup section */

/* Begin XCBuildConfiguration section */
		83D58826166E57D2000B2AA9 /* Debug */ = {
			isa = XCBuildConfiguration;
			buildSettings = {
				ALWAYS_SEARCH_USER_PATHS = NO;
				CLANG_CXX_LANGUAGE_STANDARD = "gnu++0x";
				CLANG_CXX_LIBRARY = "libc++";
				CLANG_WARN_EMPTY_BODY = YES;
				CLANG_WARN__DUPLICATE_METHOD_MATCH = YES;
				"CODE_SIGN_IDENTITY[sdk=iphoneos*]" = "iPhone Developer";
				COPY_PHASE_STRIP = NO;
				GCC_C_LANGUAGE_STANDARD = gnu99;
				GCC_DYNAMIC_NO_PIC = NO;
				GCC_OPTIMIZATION_LEVEL = 0;
				GCC_PREPROCESSOR_DEFINITIONS = (
					"DEBUG=1",
					"$(inherited)",
				);
				GCC_SYMBOLS_PRIVATE_EXTERN = NO;
				GCC_WARN_ABOUT_RETURN_TYPE = YES;
				GCC_WARN_UNINITIALIZED_AUTOS = YES;
				GCC_WARN_UNUSED_VARIABLE = YES;
				IPHONEOS_DEPLOYMENT_TARGET = 6.0;
				ONLY_ACTIVE_ARCH = YES;
				SDKROOT = iphoneos;
			};
			name = Debug;
		};
		83D58827166E57D2000B2AA9 /* Release */ = {
			isa = XCBuildConfiguration;
			buildSettings = {
				ALWAYS_SEARCH_USER_PATHS = NO;
				CLANG_CXX_LANGUAGE_STANDARD = "gnu++0x";
				CLANG_CXX_LIBRARY = "libc++";
				CLANG_WARN_EMPTY_BODY = YES;
				CLANG_WARN__DUPLICATE_METHOD_MATCH = YES;
				"CODE_SIGN_IDENTITY[sdk=iphoneos*]" = "iPhone Developer";
				COPY_PHASE_STRIP = YES;
				GCC_C_LANGUAGE_STANDARD = gnu99;
				GCC_WARN_ABOUT_RETURN_TYPE = YES;
				GCC_WARN_UNINITIALIZED_AUTOS = YES;
				GCC_WARN_UNUSED_VARIABLE = YES;
				IPHONEOS_DEPLOYMENT_TARGET = 6.0;
				OTHER_CFLAGS = "-DNS_BLOCK_ASSERTIONS=1";
				SDKROOT = iphoneos;
				VALIDATE_PRODUCT = YES;
			};
			name = Release;
		};
		83D58829166E57D2000B2AA9 /* Debug */ = {
			isa = XCBuildConfiguration;
			buildSettings = {
				GCC_PRECOMPILE_PREFIX_HEADER = YES;
				GCC_PREFIX_HEADER = "practiceMapkit/practiceMapkit-Prefix.pch";
				INFOPLIST_FILE = "practiceMapkit/practiceMapkit-Info.plist";
				PRODUCT_NAME = "$(TARGET_NAME)";
				WRAPPER_EXTENSION = app;
			};
			name = Debug;
		};
		83D5882A166E57D2000B2AA9 /* Release */ = {
			isa = XCBuildConfiguration;
			buildSettings = {
				GCC_PRECOMPILE_PREFIX_HEADER = YES;
				GCC_PREFIX_HEADER = "practiceMapkit/practiceMapkit-Prefix.pch";
				INFOPLIST_FILE = "practiceMapkit/practiceMapkit-Info.plist";
				PRODUCT_NAME = "$(TARGET_NAME)";
				WRAPPER_EXTENSION = app;
			};
			name = Release;
		};
/* End XCBuildConfiguration section */

/* Begin XCConfigurationList section */
		83D587FE166E57D1000B2AA9 /* Build configuration list for PBXProject "practiceMapkit" */ = {
			isa = XCConfigurationList;
			buildConfigurations = (
				83D58826166E57D2000B2AA9 /* Debug */,
				83D58827166E57D2000B2AA9 /* Release */,
			);
			defaultConfigurationIsVisible = 0;
			defaultConfigurationName = Release;
		};
		83D58828166E57D2000B2AA9 /* Build configuration list for PBXNativeTarget "practiceMapkit" */ = {
			isa = XCConfigurationList;
			buildConfigurations = (
				83D58829166E57D2000B2AA9 /* Debug */,
				83D5882A166E57D2000B2AA9 /* Release */,
			);
			defaultConfigurationIsVisible = 0;
		};
/* End XCConfigurationList section */
	};
	rootObject = 83D587FB166E57D1000B2AA9 /* Project object */;
}
